
Microsoft Visual Studio Solution File, Format Version 12.00
# Visual Studio Version 16
VisualStudioVersion = 16.0.35229.62
MinimumVisualStudioVersion = 10.0.40219.1
Project("{FAE04EC0-301F-11D3-BF4B-00C04F79EFBC}") = "Projeto2", "Projeto2\Projeto2.csproj", "{C54807B9-4C74-4DEC-9373-F53F412FA040}"
EndProject
Global
	GlobalSection(SolutionConfigurationPlatforms) = preSolution
		Debug|Any CPU = Debug|Any CPU
		Release|Any CPU = Release|Any CPU
	EndGlobalSection
	GlobalSection(ProjectConfigurationPlatforms) = postSolution
		{C54807B9-4C74-4DEC-9373-F53F412FA040}.Debug|Any CPU.ActiveCfg = Debug|Any CPU
		{C54807B9-4C74-4DEC-9373-F53F412FA040}.Debug|Any CPU.Build.0 = Debug|Any CPU
		{C54807B9-4C74-4DEC-9373-F53F412FA040}.Release|Any CPU.ActiveCfg = Release|Any CPU
		{C54807B9-4C74-4DEC-9373-F53F412FA040}.Release|Any CPU.Build.0 = Release|Any CPU
	EndGlobalSection
	GlobalSection(SolutionProperties) = preSolution
		HideSolutionNode = FALSE
	EndGlobalSection
	GlobalSection(ExtensibilityGlobals) = postSolution
		SolutionGuid = {2960D7E1-18EA-4D32-A35D-8C7B06878AF1}
	EndGlobalSection
EndGlobal
